// !$*UTF8*$!
{
	archiveVersion = 1;
	classes = {
	};
	objectVersion = 50;
	objects = {

/* Begin PBXBuildFile section */
		ACD654042480891800522E75 /* AppDelegate.swift in Sources */ = {isa = PBXBuildFile; fileRef = ACD654032480891800522E75 /* AppDelegate.swift */; };
		ACD654062480891800522E75 /* SceneDelegate.swift in Sources */ = {isa = PBXBuildFile; fileRef = ACD654052480891800522E75 /* SceneDelegate.swift */; };
		ACD654082480891800522E75 /* ContentView.swift in Sources */ = {isa = PBXBuildFile; fileRef = ACD654072480891800522E75 /* ContentView.swift */; };
		ACD6540A2480891D00522E75 /* Assets.xcassets in Resources */ = {isa = PBXBuildFile; fileRef = ACD654092480891D00522E75 /* Assets.xcassets */; };
		ACD6540D2480891D00522E75 /* Preview Assets.xcassets in Resources */ = {isa = PBXBuildFile; fileRef = ACD6540C2480891D00522E75 /* Preview Assets.xcassets */; };
		ACD654102480891D00522E75 /* LaunchScreen.storyboard in Resources */ = {isa = PBXBuildFile; fileRef = ACD6540E2480891D00522E75 /* LaunchScreen.storyboard */; };
		ACD654182480A4F100522E75 /* ScoreView.swift in Sources */ = {isa = PBXBuildFile; fileRef = ACD654172480A4F100522E75 /* ScoreView.swift */; };
		ACD6541B2480A62E00522E75 /* BullsEye.xcdatamodeld in Sources */ = {isa = PBXBuildFile; fileRef = ACD654192480A62E00522E75 /* BullsEye.xcdatamodeld */; };
		ACD654272480BC1500522E75 /* Entity+CoreDataClass.swift in Sources */ = {isa = PBXBuildFile; fileRef = ACD654252480BC1500522E75 /* Entity+CoreDataClass.swift */; };
		ACD654282480BC1500522E75 /* Entity+CoreDataProperties.swift in Sources */ = {isa = PBXBuildFile; fileRef = ACD654262480BC1500522E75 /* Entity+CoreDataProperties.swift */; };
/* End PBXBuildFile section */

/* Begin PBXFileReference section */
		ACD654002480891800522E75 /* BullsEye.app */ = {isa = PBXFileReference; explicitFileType = wrapper.application; includeInIndex = 0; path = BullsEye.app; sourceTree = BUILT_PRODUCTS_DIR; };
		ACD654032480891800522E75 /* AppDelegate.swift */ = {isa = PBXFileReference; lastKnownFileType = sourcecode.swift; path = AppDelegate.swift; sourceTree = "<group>"; };
		ACD654052480891800522E75 /* SceneDelegate.swift */ = {isa = PBXFileReference; lastKnownFileType = sourcecode.swift; path = SceneDelegate.swift; sourceTree = "<group>"; };
		ACD654072480891800522E75 /* ContentView.swift */ = {isa = PBXFileReference; lastKnownFileType = sourcecode.swift; path = ContentView.swift; sourceTree = "<group>"; };
		ACD654092480891D00522E75 /* Assets.xcassets */ = {isa = PBXFileReference; lastKnownFileType = folder.assetcatalog; path = Assets.xcassets; sourceTree = "<group>"; };
		ACD6540C2480891D00522E75 /* Preview Assets.xcassets */ = {isa = PBXFileReference; lastKnownFileType = folder.assetcatalog; path = "Preview Assets.xcassets"; sourceTree = "<group>"; };
		ACD6540F2480891D00522E75 /* Base */ = {isa = PBXFileReference; lastKnownFileType = file.storyboard; name = Base; path = Base.lproj/LaunchScreen.storyboard; sourceTree = "<group>"; };
		ACD654112480891D00522E75 /* Info.plist */ = {isa = PBXFileReference; lastKnownFileType = text.plist.xml; path = Info.plist; sourceTree = "<group>"; };
		ACD654172480A4F100522E75 /* ScoreView.swift */ = {isa = PBXFileReference; lastKnownFileType = sourcecode.swift; path = ScoreView.swift; sourceTree = "<group>"; };
		ACD6541A2480A62E00522E75 /* BullsEye.xcdatamodel */ = {isa = PBXFileReference; lastKnownFileType = wrapper.xcdatamodel; path = BullsEye.xcdatamodel; sourceTree = "<group>"; };
		ACD654252480BC1500522E75 /* Entity+CoreDataClass.swift */ = {isa = PBXFileReference; lastKnownFileType = sourcecode.swift; path = "Entity+CoreDataClass.swift"; sourceTree = "<group>"; };
		ACD654262480BC1500522E75 /* Entity+CoreDataProperties.swift */ = {isa = PBXFileReference; lastKnownFileType = sourcecode.swift; path = "Entity+CoreDataProperties.swift"; sourceTree = "<group>"; };
/* End PBXFileReference section */

/* Begin PBXFrameworksBuildPhase section */
		ACD653FD2480891800522E75 /* Frameworks */ = {
			isa = PBXFrameworksBuildPhase;
			buildActionMask = 2147483647;
			files = (
			);
			runOnlyForDeploymentPostprocessing = 0;
		};
/* End PBXFrameworksBuildPhase section */

/* Begin PBXGroup section */
		ACD653F72480891800522E75 = {
			isa = PBXGroup;
			children = (
				ACD654022480891800522E75 /* BullsEye */,
				ACD654012480891800522E75 /* Products */,
			);
			sourceTree = "<group>";
		};
		ACD654012480891800522E75 /* Products */ = {
			isa = PBXGroup;
			children = (
				ACD654002480891800522E75 /* BullsEye.app */,
			);
			name = Products;
			sourceTree = "<group>";
		};
		ACD654022480891800522E75 /* BullsEye */ = {
			isa = PBXGroup;
			children = (
				ACD654032480891800522E75 /* AppDelegate.swift */,
				ACD654052480891800522E75 /* SceneDelegate.swift */,
				ACD654072480891800522E75 /* ContentView.swift */,
				ACD654172480A4F100522E75 /* ScoreView.swift */,
				ACD654092480891D00522E75 /* Assets.xcassets */,
				ACD654192480A62E00522E75 /* BullsEye.xcdatamodeld */,
				ACD6540E2480891D00522E75 /* LaunchScreen.storyboard */,
				ACD654112480891D00522E75 /* Info.plist */,
				ACD654202480B6C100522E75 /* Core Data Entities */,
				ACD6540B2480891D00522E75 /* Preview Content */,
			);
			path = BullsEye;
			sourceTree = "<group>";
		};
		ACD6540B2480891D00522E75 /* Preview Content */ = {
			isa = PBXGroup;
			children = (
				ACD6540C2480891D00522E75 /* Preview Assets.xcassets */,
			);
			path = "Preview Content";
			sourceTree = "<group>";
		};
		ACD654202480B6C100522E75 /* Core Data Entities */ = {
			isa = PBXGroup;
			children = (
				ACD654252480BC1500522E75 /* Entity+CoreDataClass.swift */,
				ACD654262480BC1500522E75 /* Entity+CoreDataProperties.swift */,
			);
			path = "Core Data Entities";
			sourceTree = "<group>";
		};
/* End PBXGroup section */

/* Begin PBXNativeTarget section */
		ACD653FF2480891800522E75 /* BullsEye */ = {
			isa = PBXNativeTarget;
			buildConfigurationList = ACD654142480891D00522E75 /* Build configuration list for PBXNativeTarget "BullsEye" */;
			buildPhases = (
				ACD653FC2480891800522E75 /* Sources */,
				ACD653FD2480891800522E75 /* Frameworks */,
				ACD653FE2480891800522E75 /* Resources */,
			);
			buildRules = (
			);
			dependencies = (
			);
			name = BullsEye;
			productName = BullsEye;
			productReference = ACD654002480891800522E75 /* BullsEye.app */;
			productType = "com.apple.product-type.application";
		};
/* End PBXNativeTarget section */

/* Begin PBXProject section */
		ACD653F82480891800522E75 /* Project object */ = {
			isa = PBXProject;
			attributes = {
				LastSwiftUpdateCheck = 1150;
				LastUpgradeCheck = 1150;
				ORGANIZATIONNAME = TTDP;
				TargetAttributes = {
					ACD653FF2480891800522E75 = {
						CreatedOnToolsVersion = 11.5;
					};
				};
			};
			buildConfigurationList = ACD653FB2480891800522E75 /* Build configuration list for PBXProject "BullsEye" */;
			compatibilityVersion = "Xcode 9.3";
			developmentRegion = en;
			hasScannedForEncodings = 0;
			knownRegions = (
				en,
				Base,
			);
			mainGroup = ACD653F72480891800522E75;
			productRefGroup = ACD654012480891800522E75 /* Products */;
			projectDirPath = "";
			projectRoot = "";
			targets = (
				ACD653FF2480891800522E75 /* BullsEye */,
			);
		};
/* End PBXProject section */

/* Begin PBXResourcesBuildPhase section */
		ACD653FE2480891800522E75 /* Resources */ = {
			isa = PBXResourcesBuildPhase;
			buildActionMask = 2147483647;
			files = (
				ACD654102480891D00522E75 /* LaunchScreen.storyboard in Resources */,
				ACD6540D2480891D00522E75 /* Preview Assets.xcassets in Resources */,
				ACD6540A2480891D00522E75 /* Assets.xcassets in Resources */,
			);
			runOnlyForDeploymentPostprocessing = 0;
		};
/* End PBXResourcesBuildPhase section */

/* Begin PBXSourcesBuildPhase section */
		ACD653FC2480891800522E75 /* Sources */ = {
			isa = PBXSourcesBuildPhase;
			buildActionMask = 2147483647;
			files = (
				ACD654042480891800522E75 /* AppDelegate.swift in Sources */,
				ACD654182480A4F100522E75 /* ScoreView.swift in Sources */,
				ACD654272480BC1500522E75 /* Entity+CoreDataClass.swift in Sources */,
				ACD654282480BC1500522E75 /* Entity+CoreDataProperties.swift in Sources */,
				ACD654062480891800522E75 /* SceneDelegate.swift in Sources */,
				ACD654082480891800522E75 /* ContentView.swift in Sources */,
				ACD6541B2480A62E00522E75 /* BullsEye.xcdatamodeld in Sources */,
			);
			runOnlyForDeploymentPostprocessing = 0;
		};
/* End PBXSourcesBuildPhase section */

/* Begin PBXVariantGroup section */
		ACD6540E2480891D00522E75 /* LaunchScreen.storyboard */ = {
			isa = PBXVariantGroup;
			children = (
				ACD6540F2480891D00522E75 /* Base */,
			);
			name = LaunchScreen.storyboard;
			sourceTree = "<group>";
		};
/* End PBXVariantGroup section */

/* Begin XCBuildConfiguration section */
		ACD654122480891D00522E75 /* Debug */ = {
			isa = XCBuildConfiguration;
			buildSettings = {
				ALWAYS_SEARCH_USER_PATHS = NO;
				CLANG_ANALYZER_NONNULL = YES;
				CLANG_ANALYZER_NUMBER_OBJECT_CONVERSION = YES_AGGRESSIVE;
				CLANG_CXX_LANGUAGE_STANDARD = "gnu++14";
				CLANG_CXX_LIBRARY = "libc++";
				CLANG_ENABLE_MODULES = YES;
				CLANG_ENABLE_OBJC_ARC = YES;
				CLANG_ENABLE_OBJC_WEAK = YES;
				CLANG_WARN_BLOCK_CAPTURE_AUTORELEASING = YES;
				CLANG_WARN_BOOL_CONVERSION = YES;
				CLANG_WARN_COMMA = YES;
				CLANG_WARN_CONSTANT_CONVERSION = YES;
				CLANG_WARN_DEPRECATED_OBJC_IMPLEMENTATIONS = YES;
				CLANG_WARN_DIRECT_OBJC_ISA_USAGE = YES_ERROR;
				CLANG_WARN_DOCUMENTATION_COMMENTS = YES;
				CLANG_WARN_EMPTY_BODY = YES;
				CLANG_WARN_ENUM_CONVERSION = YES;
				CLANG_WARN_INFINITE_RECURSION = YES;
				CLANG_WARN_INT_CONVERSION = YES;
				CLANG_WARN_NON_LITERAL_NULL_CONVERSION = YES;
				CLANG_WARN_OBJC_IMPLICIT_RETAIN_SELF = YES;
				CLANG_WARN_OBJC_LITERAL_CONVERSION = YES;
				CLANG_WARN_OBJC_ROOT_CLASS = YES_ERROR;
				CLANG_WARN_RANGE_LOOP_ANALYSIS = YES;
				CLANG_WARN_STRICT_PROTOTYPES = YES;
				CLANG_WARN_SUSPICIOUS_MOVE = YES;
				CLANG_WARN_UNGUARDED_AVAILABILITY = YES_AGGRESSIVE;
				CLANG_WARN_UNREACHABLE_CODE = YES;
				CLANG_WARN__DUPLICATE_METHOD_MATCH = YES;
				COPY_PHASE_STRIP = NO;
				DEBUG_INFORMATION_FORMAT = dwarf;
				ENABLE_STRICT_OBJC_MSGSEND = YES;
				ENABLE_TESTABILITY = YES;
				GCC_C_LANGUAGE_STANDARD = gnu11;
				GCC_DYNAMIC_NO_PIC = NO;
				GCC_NO_COMMON_BLOCKS = YES;
				GCC_OPTIMIZATION_LEVEL = 0;
				GCC_PREPROCESSOR_DEFINITIONS = (
					"DEBUG=1",
					"$(inherited)",
				);
				GCC_WARN_64_TO_32_BIT_CONVERSION = YES;
				GCC_WARN_ABOUT_RETURN_TYPE = YES_ERROR;
				GCC_WARN_UNDECLARED_SELECTOR = YES;
				GCC_WARN_UNINITIALIZED_AUTOS = YES_AGGRESSIVE;
				GCC_WARN_UNUSED_FUNCTION = YES;
				GCC_WARN_UNUSED_VARIABLE = YES;
				IPHONEOS_DEPLOYMENT_TARGET = 13.5;
				MTL_ENABLE_DEBUG_INFO = INCLUDE_SOURCE;
				MTL_FAST_MATH = YES;
				ONLY_ACTIVE_ARCH = YES;
				SDKROOT = iphoneos;
				SWIFT_ACTIVE_COMPILATION_CONDITIONS = DEBUG;
				SWIFT_OPTIMIZATION_LEVEL = "-Onone";
			};
			name = Debug;
		};
		ACD654132480891D00522E75 /* Release */ = {
			isa = XCBuildConfiguration;
			buildSettings = {
				ALWAYS_SEARCH_USER_PATHS = NO;
				CLANG_ANALYZER_NONNULL = YES;
				CLANG_ANALYZER_NUMBER_OBJECT_CONVERSION = YES_AGGRESSIVE;
				CLANG_CXX_LANGUAGE_STANDARD = "gnu++14";
				CLANG_CXX_LIBRARY = "libc++";
				CLANG_ENABLE_MODULES = YES;
				CLANG_ENABLE_OBJC_ARC = YES;
				CLANG_ENABLE_OBJC_WEAK = YES;
				CLANG_WARN_BLOCK_CAPTURE_AUTORELEASING = YES;
				CLANG_WARN_BOOL_CONVERSION = YES;
				CLANG_WARN_COMMA = YES;
				CLANG_WARN_CONSTANT_CONVERSION = YES;
				CLANG_WARN_DEPRECATED_OBJC_IMPLEMENTATIONS = YES;
				CLANG_WARN_DIRECT_OBJC_ISA_USAGE = YES_ERROR;
				CLANG_WARN_DOCUMENTATION_COMMENTS = YES;
				CLANG_WARN_EMPTY_BODY = YES;
				CLANG_WARN_ENUM_CONVERSION = YES;
				CLANG_WARN_INFINITE_RECURSION = YES;
				CLANG_WARN_INT_CONVERSION = YES;
				CLANG_WARN_NON_LITERAL_NULL_CONVERSION = YES;
				CLANG_WARN_OBJC_IMPLICIT_RETAIN_SELF = YES;
				CLANG_WARN_OBJC_LITERAL_CONVERSION = YES;
				CLANG_WARN_OBJC_ROOT_CLASS = YES_ERROR;
				CLANG_WARN_RANGE_LOOP_ANALYSIS = YES;
				CLANG_WARN_STRICT_PROTOTYPES = YES;
				CLANG_WARN_SUSPICIOUS_MOVE = YES;
				CLANG_WARN_UNGUARDED_AVAILABILITY = YES_AGGRESSIVE;
				CLANG_WARN_UNREACHABLE_CODE = YES;
				CLANG_WARN__DUPLICATE_METHOD_MATCH = YES;
				COPY_PHASE_STRIP = NO;
				DEBUG_INFORMATION_FORMAT = "dwarf-with-dsym";
				ENABLE_NS_ASSERTIONS = NO;
				ENABLE_STRICT_OBJC_MSGSEND = YES;
				GCC_C_LANGUAGE_STANDARD = gnu11;
				GCC_NO_COMMON_BLOCKS = YES;
				GCC_WARN_64_TO_32_BIT_CONVERSION = YES;
				GCC_WARN_ABOUT_RETURN_TYPE = YES_ERROR;
				GCC_WARN_UNDECLARED_SELECTOR = YES;
				GCC_WARN_UNINITIALIZED_AUTOS = YES_AGGRESSIVE;
				GCC_WARN_UNUSED_FUNCTION = YES;
				GCC_WARN_UNUSED_VARIABLE = YES;
				IPHONEOS_DEPLOYMENT_TARGET = 13.5;
				MTL_ENABLE_DEBUG_INFO = NO;
				MTL_FAST_MATH = YES;
				SDKROOT = iphoneos;
				SWIFT_COMPILATION_MODE = wholemodule;
				SWIFT_OPTIMIZATION_LEVEL = "-O";
				VALIDATE_PRODUCT = YES;
			};
			name = Release;
		};
		ACD654152480891D00522E75 /* Debug */ = {
			isa = XCBuildConfiguration;
			buildSettings = {
				ASSETCATALOG_COMPILER_APPICON_NAME = AppIcon;
				CODE_SIGN_STYLE = Automatic;
				DEVELOPMENT_ASSET_PATHS = "\"BullsEye/Preview Content\"";
				ENABLE_PREVIEWS = YES;
				INFOPLIST_FILE = BullsEye/Info.plist;
				LD_RUNPATH_SEARCH_PATHS = (
					"$(inherited)",
					"@executable_path/Frameworks",
				);
				PRODUCT_BUNDLE_IDENTIFIER = com.ttdp.BullsEye;
				PRODUCT_NAME = "$(TARGET_NAME)";
				SWIFT_VERSION = 5.0;
				TARGETED_DEVICE_FAMILY = "1,2";
			};
			name = Debug;
		};
		ACD654162480891D00522E75 /* Release */ = {
			isa = XCBuildConfiguration;
			buildSettings = {
				ASSETCATALOG_COMPILER_APPICON_NAME = AppIcon;
				CODE_SIGN_STYLE = Automatic;
				DEVELOPMENT_ASSET_PATHS = "\"BullsEye/Preview Content\"";
				ENABLE_PREVIEWS = YES;
				INFOPLIST_FILE = BullsEye/Info.plist;
				LD_RUNPATH_SEARCH_PATHS = (
					"$(inherited)",
					"@executable_path/Frameworks",
				);
				PRODUCT_BUNDLE_IDENTIFIER = com.ttdp.BullsEye;
				PRODUCT_NAME = "$(TARGET_NAME)";
				SWIFT_VERSION = 5.0;
				TARGETED_DEVICE_FAMILY = "1,2";
			};
			name = Release;
		};
/* End XCBuildConfiguration section */

/* Begin XCConfigurationList section */
		ACD653FB2480891800522E75 /* Build configuration list for PBXProject "BullsEye" */ = {
			isa = XCConfigurationList;
			buildConfigurations = (
				ACD654122480891D00522E75 /* Debug */,
				ACD654132480891D00522E75 /* Release */,
			);
			defaultConfigurationIsVisible = 0;
			defaultConfigurationName = Release;
		};
		ACD654142480891D00522E75 /* Build configuration list for PBXNativeTarget "BullsEye" */ = {
			isa = XCConfigurationList;
			buildConfigurations = (
				ACD654152480891D00522E75 /* Debug */,
				ACD654162480891D00522E75 /* Release */,
			);
			defaultConfigurationIsVisible = 0;
			defaultConfigurationName = Release;
		};
/* End XCConfigurationList section */

/* Begin XCVersionGroup section */
		ACD654192480A62E00522E75 /* BullsEye.xcdatamodeld */ = {
			isa = XCVersionGroup;
			children = (
				ACD6541A2480A62E00522E75 /* BullsEye.xcdatamodel */,
			);
			currentVersion = ACD6541A2480A62E00522E75 /* BullsEye.xcdatamodel */;
			path = BullsEye.xcdatamodeld;
			sourceTree = "<group>";
			versionGroupType = wrapper.xcdatamodel;
		};
/* End XCVersionGroup section */
	};
	rootObject = ACD653F82480891800522E75 /* Project object */;
}
